{
  "nodes": {
    "disko": {
      "inputs": {
        "nixpkgs": "nixpkgs"
      },
      "locked": {
        "lastModified": 1744145203,
        "narHash": "sha256-I2oILRiJ6G+BOSjY+0dGrTPe080L3pbKpc+gCV3Nmyk=",
        "owner": "nix-community",
        "repo": "disko",
        "rev": "76c0a6dba345490508f36c1aa3c7ba5b6b460989",
        "type": "github"
      },
      "original": {
        "owner": "nix-community",
        "repo": "disko",
        "type": "github"
      }
    },
    "home-manager": {
      "inputs": {
        "nixpkgs": [
          "nixpkgs"
        ]
      },
      "locked": {
        "lastModified": 1744380363,
        "narHash": "sha256-cXjAUuAfQDPSLSsckZuTioQ986iqSPTzx8D7dLAcC+Q=",
        "owner": "nix-community",
        "repo": "home-manager",
        "rev": "e43c6bcb101ba3301522439c459288c4a248f624",
        "type": "github"
      },
      "original": {
        "owner": "nix-community",
        "repo": "home-manager",
        "type": "github"
      }
    },
    "nixpkgs": {
      "locked": {
        "lastModified": 1743259260,
        "narHash": "sha256-ArWLUgRm1tKHiqlhnymyVqi5kLNCK5ghvm06mfCl4QY=",
        "owner": "NixOS",
        "repo": "nixpkgs",
        "rev": "eb0e0f21f15c559d2ac7633dc81d079d1caf5f5f",
        "type": "github"
      },
      "original": {
        "owner": "NixOS",
        "ref": "nixpkgs-unstable",
        "repo": "nixpkgs",
        "type": "github"
      }
    },
    "nixpkgs-stable": {
      "locked": {
        "lastModified": 1744309437,
        "narHash": "sha256-QZnNHM823am8apCqKSPdtnzPGTy2ZB4zIXOVoBp5+W0=",
        "owner": "NixOS",
        "repo": "nixpkgs",
        "rev": "f9ebe33a928b5d529c895202263a5ce46bdf12f7",
        "type": "github"
      },
      "original": {
        "owner": "NixOS",
        "ref": "nixos-24.11",
        "repo": "nixpkgs",
        "type": "github"
      }
    },
    "nixpkgs_2": {
      "locked": {
        "lastModified": 1744232761,
        "narHash": "sha256-gbl9hE39nQRpZaLjhWKmEu5ejtQsgI5TWYrIVVJn30U=",
        "owner": "NixOS",
        "repo": "nixpkgs",
        "rev": "f675531bc7e6657c10a18b565cfebd8aa9e24c14",
        "type": "github"
      },
      "original": {
        "owner": "NixOS",
        "ref": "nixos-unstable",
        "repo": "nixpkgs",
        "type": "github"
      }
    },
    "pentesting": {
      "inputs": {
        "nixpkgs": [
          "nixpkgs-stable"
        ],
        "utils": "utils"
      },
      "locked": {
        "lastModified": 1744393843,
        "narHash": "sha256-YEKePJhlqsmkpooEtr1EZHSXVftGkc6sUz7sOn0zGsw=",
        "path": "/home/papanito/Workspaces/papanito/nix-pentesting",
        "type": "path"
      },
      "original": {
        "path": "/home/papanito/Workspaces/papanito/nix-pentesting",
        "type": "path"
      }
    },
    "root": {
      "inputs": {
        "disko": "disko",
        "home-manager": "home-manager",
        "nixpkgs": "nixpkgs_2",
        "nixpkgs-stable": "nixpkgs-stable",
        "pentesting": "pentesting",
        "sops-nix": "sops-nix"
      }
    },
    "sops-nix": {
      "inputs": {
        "nixpkgs": [
          "nixpkgs"
        ]
      },
      "locked": {
        "lastModified": 1744103455,
        "narHash": "sha256-SR6+qjkPjGQG+8eM4dCcVtss8r9bre/LAxFMPJpaZeU=",
        "owner": "Mic92",
        "repo": "sops-nix",
        "rev": "69d5a5a4635c27dae5a742f36108beccc506c1ba",
        "type": "github"
      },
      "original": {
        "owner": "Mic92",
        "repo": "sops-nix",
        "type": "github"
      }
    },
    "systems": {
      "locked": {
        "lastModified": 1681028828,
        "narHash": "sha256-Vy1rq5AaRuLzOxct8nz4T6wlgyUR7zLU309k9mBC768=",
        "owner": "nix-systems",
        "repo": "default",
        "rev": "da67096a3b9bf56a91d16901293e51ba5b49a27e",
        "type": "github"
      },
      "original": {
        "owner": "nix-systems",
        "repo": "default",
        "type": "github"
      }
    },
    "utils": {
      "inputs": {
        "systems": "systems"
      },
      "locked": {
        "lastModified": 1731533236,
        "narHash": "sha256-l0KFg5HjrsfsO/JpG+r7fRrqm12kzFHyUHqHCVpMMbI=",
        "owner": "numtide",
        "repo": "flake-utils",
        "rev": "11707dc2f618dd54ca8739b309ec4fc024de578b",
        "type": "github"
      },
      "original": {
        "owner": "numtide",
        "repo": "flake-utils",
        "type": "github"
      }
    }
  },
  "root": "root",
  "version": 7
}
